# This file is generated by running "yarn install" inside your project.
# Manual changes might be lost - proceed with caution!

__metadata:
  version: 3

"async-limiter@npm:~1.0.0":
  version: 1.0.1
  resolution: "async-limiter@npm:1.0.1"
  checksum: 31ed8a2681eb3bf62151f91ac4ba3c9e7f474c39120ed6a50661635687b911e2d02797bc2304f1a68f7abee83bec30196ea012058a80c6179091afa1c8efc595
  languageName: node
  linkType: hard

"discord.js@npm:^11.5.1":
  version: 11.5.1
  resolution: "discord.js@npm:11.5.1"
  dependencies:
    long: "npm:^4.0.0"
    prism-media: "npm:^0.0.3"
    snekfetch: "npm:^3.6.4"
    tweetnacl: "npm:^1.0.0"
    ws: "npm:^6.0.0"
  peerDependencies:
    "@discordjs/uws": ^10.149.0
    bufferutil: ^4.0.0
    erlpack: discordapp/erlpack
    libsodium-wrappers: ^0.7.3
    node-opus: ^0.2.7
    opusscript: ^0.0.6
    sodium: ^2.0.3
    uws: "*"
  peerDependenciesMeta:
    bufferutil:
      optional: true
    erlpack:
      optional: true
    libsodium-wrappers:
      optional: true
    node-opus:
      optional: true
    opusscript:
      optional: true
    sodium:
      optional: true
    uws:
      optional: true
  checksum: db66633ca62779f19ebf85ec00ee785c0658464e70b939a7c721703c6f4eb2f9e494670183071030c28c09a3d9a706b91aa5328c2ed6971ebff44a3ec5e14480
  languageName: node
  linkType: hard

"dotenv@npm:^8.2.0":
  version: 8.2.0
  resolution: "dotenv@npm:8.2.0"
  checksum: 552d2c06ec0eee57b98c298105556041e4fd8ad985b34a73173a197e722478cd9bdaad2f98d80f3a227a414e2f4e6d4a2121b400a044e0690be1832c546dea55
  languageName: node
  linkType: hard

"jackbot-discord@workspace:.":
  version: 0.0.0-use.local
  resolution: "jackbot-discord@workspace:."
  dependencies:
    discord.js: "npm:^11.5.1"
    dotenv: "npm:^8.2.0"
  languageName: unknown
  linkType: soft

"long@npm:^4.0.0":
  version: 4.0.0
  resolution: "long@npm:4.0.0"
  checksum: 89270f3fd6de9a30620ad3f20c3f0df47977fcc7288581237cb118825e443880d01f6fa95687631be0004b635353d9860982df7cb9610ee597c038e8a9cc2d9c
  languageName: node
  linkType: hard

"prism-media@npm:^0.0.3":
  version: 0.0.3
  resolution: "prism-media@npm:0.0.3"
  checksum: 7aedb0670c58526c9f4ea80e26642d455235852e24e043824e0caadca90b25cd93729a6f172793c9ed0ea850f89785dc32d33abeddded3ffa9326d994e7358a4
  languageName: node
  linkType: hard

"snekfetch@npm:^3.6.4":
  version: 3.6.4
  resolution: "snekfetch@npm:3.6.4"
  checksum: b1ea3318bf94cab7dcd52238cf5fd72b1840c7354a233596e5205d1261302cafbf2f308f69e8650ab3eef587fd81aee9929a4c43bf6b0c5f4a7f28d12a7284ed
  languageName: node
  linkType: hard

"tweetnacl@npm:^1.0.0":
  version: 1.0.1
  resolution: "tweetnacl@npm:1.0.1"
  checksum: 5a61cf128bb53bb95771ab29597de5e74421ed68ecfee1c92953e08d58e57f8a6862e488a1d5a921914cd59b251f00bdffbf567b5aa544720e78a9e43f3133c8
  languageName: node
  linkType: hard

"ws@npm:^6.0.0":
  version: 6.2.1
  resolution: "ws@npm:6.2.1"
  dependencies:
    async-limiter: "npm:~1.0.0"
  checksum: 731ad2205472faf91c33e09240cf36f0941e7e627c1adb3287d00810e1b308cc346526eeca6ef2f60f12be2313c3a76582bd1ff4c12d6aec6968457273741e6f
  languageName: node
  linkType: hard
